
Microsoft Visual Studio Solution File, Format Version 12.00
# Visual Studio Version 17
VisualStudioVersion = 17.7.34024.191
MinimumVisualStudioVersion = 10.0.40219.1
Project("{FAE04EC0-301F-11D3-BF4B-00C04F79EFBC}") = "MotorcycleCrudApi", "MotorcycleCrudApi\MotorcycleCrudApi.csproj", "{D569AC72-4B45-4174-8D49-16F5E4A4106B}"
EndProject
Global
	GlobalSection(SolutionConfigurationPlatforms) = preSolution
		Debug|Any CPU = Debug|Any CPU
		Release|Any CPU = Release|Any CPU
	EndGlobalSection
	GlobalSection(ProjectConfigurationPlatforms) = postSolution
		{D569AC72-4B45-4174-8D49-16F5E4A4106B}.Debug|Any CPU.ActiveCfg = Debug|Any CPU
		{D569AC72-4B45-4174-8D49-16F5E4A4106B}.Debug|Any CPU.Build.0 = Debug|Any CPU
		{D569AC72-4B45-4174-8D49-16F5E4A4106B}.Release|Any CPU.ActiveCfg = Release|Any CPU
		{D569AC72-4B45-4174-8D49-16F5E4A4106B}.Release|Any CPU.Build.0 = Release|Any CPU
	EndGlobalSection
	GlobalSection(SolutionProperties) = preSolution
		HideSolutionNode = FALSE
	EndGlobalSection
	GlobalSection(ExtensibilityGlobals) = postSolution
		SolutionGuid = {C941FF33-E06D-4734-AF9E-E10997043667}
	EndGlobalSection
EndGlobal
